
Microsoft Visual Studio Solution File, Format Version 12.00
# Visual Studio Version 17
VisualStudioVersion = 17.5.002.0
MinimumVisualStudioVersion = 10.0.40219.1
Project("{9A19103F-16F7-4668-BE54-9A1E7A4F7556}") = "UniRaters", "UniRaters.csproj", "{2611088E-25BF-41DD-8282-E6E34BEB7371}"
EndProject
Global
	GlobalSection(SolutionConfigurationPlatforms) = preSolution
		Debug|Any CPU = Debug|Any CPU
		Release|Any CPU = Release|Any CPU
	EndGlobalSection
	GlobalSection(ProjectConfigurationPlatforms) = postSolution
		{2611088E-25BF-41DD-8282-E6E34BEB7371}.Debug|Any CPU.ActiveCfg = Debug|Any CPU
		{2611088E-25BF-41DD-8282-E6E34BEB7371}.Debug|Any CPU.Build.0 = Debug|Any CPU
		{2611088E-25BF-41DD-8282-E6E34BEB7371}.Release|Any CPU.ActiveCfg = Release|Any CPU
		{2611088E-25BF-41DD-8282-E6E34BEB7371}.Release|Any CPU.Build.0 = Release|Any CPU
	EndGlobalSection
	GlobalSection(SolutionProperties) = preSolution
		HideSolutionNode = FALSE
	EndGlobalSection
	GlobalSection(ExtensibilityGlobals) = postSolution
		SolutionGuid = {B8F1630F-7EAA-4AED-9254-35B45B8AED2A}
	EndGlobalSection
EndGlobal
